
Microsoft Visual Studio Solution File, Format Version 12.00
# Visual Studio Version 17
VisualStudioVersion = 17.1.32328.378
MinimumVisualStudioVersion = 10.0.40219.1
Project("{9A19103F-16F7-4668-BE54-9A1E7A4F7556}") = "FizzBuzz", "..\FizzBuzz\FizzBuzz.csproj", "{CEC3F9CD-504D-41AC-8E5F-5A1F8D944FCA}"
EndProject
Project("{FAE04EC0-301F-11D3-BF4B-00C04F79EFBC}") = "FizzBuzz.Tests", "FizzBuzz.Tests\FizzBuzz.Tests.csproj", "{D1846EAD-70CE-4A2A-B251-2A049FE452C1}"
EndProject
Global
	GlobalSection(SolutionConfigurationPlatforms) = preSolution
		Debug|Any CPU = Debug|Any CPU
		Release|Any CPU = Release|Any CPU
	EndGlobalSection
	GlobalSection(ProjectConfigurationPlatforms) = postSolution
		{CEC3F9CD-504D-41AC-8E5F-5A1F8D944FCA}.Debug|Any CPU.ActiveCfg = Debug|Any CPU
		{CEC3F9CD-504D-41AC-8E5F-5A1F8D944FCA}.Debug|Any CPU.Build.0 = Debug|Any CPU
		{CEC3F9CD-504D-41AC-8E5F-5A1F8D944FCA}.Release|Any CPU.ActiveCfg = Release|Any CPU
		{CEC3F9CD-504D-41AC-8E5F-5A1F8D944FCA}.Release|Any CPU.Build.0 = Release|Any CPU
		{D1846EAD-70CE-4A2A-B251-2A049FE452C1}.Debug|Any CPU.ActiveCfg = Debug|Any CPU
		{D1846EAD-70CE-4A2A-B251-2A049FE452C1}.Debug|Any CPU.Build.0 = Debug|Any CPU
		{D1846EAD-70CE-4A2A-B251-2A049FE452C1}.Release|Any CPU.ActiveCfg = Release|Any CPU
		{D1846EAD-70CE-4A2A-B251-2A049FE452C1}.Release|Any CPU.Build.0 = Release|Any CPU
	EndGlobalSection
	GlobalSection(SolutionProperties) = preSolution
		HideSolutionNode = FALSE
	EndGlobalSection
	GlobalSection(ExtensibilityGlobals) = postSolution
		SolutionGuid = {707A5660-D3C7-441C-BAB7-CF00D99CAABD}
	EndGlobalSection
EndGlobal
